// !$*UTF8*$!
{
	archiveVersion = 1;
	classes = {
	};
	objectVersion = 50;
	objects = {

/* Begin PBXBuildFile section */
		3BA7D93C2363DAA0009FA251 /* AppDelegate.swift in Sources */ = {isa = PBXBuildFile; fileRef = 3BA7D93B2363DAA0009FA251 /* AppDelegate.swift */; };
		3BA7D93E2363DAA0009FA251 /* SceneDelegate.swift in Sources */ = {isa = PBXBuildFile; fileRef = 3BA7D93D2363DAA0009FA251 /* SceneDelegate.swift */; };
		3BA7D9402363DAA0009FA251 /* ViewController.swift in Sources */ = {isa = PBXBuildFile; fileRef = 3BA7D93F2363DAA0009FA251 /* ViewController.swift */; };
		3BA7D9432363DAA0009FA251 /* Main.storyboard in Resources */ = {isa = PBXBuildFile; fileRef = 3BA7D9412363DAA0009FA251 /* Main.storyboard */; };
		3BA7D9452363DAA1009FA251 /* Assets.xcassets in Resources */ = {isa = PBXBuildFile; fileRef = 3BA7D9442363DAA1009FA251 /* Assets.xcassets */; };
		3BA7D9482363DAA1009FA251 /* LaunchScreen.storyboard in Resources */ = {isa = PBXBuildFile; fileRef = 3BA7D9462363DAA1009FA251 /* LaunchScreen.storyboard */; };
		3BE3230D2363FA9B0080719F /* MusicPalyer.swift in Sources */ = {isa = PBXBuildFile; fileRef = 3BE3230C2363FA9B0080719F /* MusicPalyer.swift */; };
		3BE3230F2363FBD40080719F /* SearchSongViewController.swift in Sources */ = {isa = PBXBuildFile; fileRef = 3BE3230E2363FBD40080719F /* SearchSongViewController.swift */; };
		3BE323112363FE5E0080719F /* SongModel.swift in Sources */ = {isa = PBXBuildFile; fileRef = 3BE323102363FE5E0080719F /* SongModel.swift */; };
		3BE32315236400840080719F /* BaseWebService.swift in Sources */ = {isa = PBXBuildFile; fileRef = 3BE32314236400840080719F /* BaseWebService.swift */; };
		3BE32317236401810080719F /* GetSongService.swift in Sources */ = {isa = PBXBuildFile; fileRef = 3BE32316236401810080719F /* GetSongService.swift */; };
		3BE32319236402060080719F /* Endpoitns.swift in Sources */ = {isa = PBXBuildFile; fileRef = 3BE32318236402060080719F /* Endpoitns.swift */; };
		3BE3231B23640E950080719F /* UIImageExtension.swift in Sources */ = {isa = PBXBuildFile; fileRef = 3BE3231A23640E950080719F /* UIImageExtension.swift */; };
		3BE3231D236410D40080719F /* UIViewExtension.swift in Sources */ = {isa = PBXBuildFile; fileRef = 3BE3231C236410D40080719F /* UIViewExtension.swift */; };
		D4E726DE2363EDA700718F83 /* Geolocation.swift in Sources */ = {isa = PBXBuildFile; fileRef = D4E726DD2363EDA700718F83 /* Geolocation.swift */; };
/* End PBXBuildFile section */

/* Begin PBXFileReference section */
		3BA7D9382363DAA0009FA251 /* MusicPlaces.app */ = {isa = PBXFileReference; explicitFileType = wrapper.application; includeInIndex = 0; path = MusicPlaces.app; sourceTree = BUILT_PRODUCTS_DIR; };
		3BA7D93B2363DAA0009FA251 /* AppDelegate.swift */ = {isa = PBXFileReference; lastKnownFileType = sourcecode.swift; path = AppDelegate.swift; sourceTree = "<group>"; };
		3BA7D93D2363DAA0009FA251 /* SceneDelegate.swift */ = {isa = PBXFileReference; lastKnownFileType = sourcecode.swift; path = SceneDelegate.swift; sourceTree = "<group>"; };
		3BA7D93F2363DAA0009FA251 /* ViewController.swift */ = {isa = PBXFileReference; lastKnownFileType = sourcecode.swift; path = ViewController.swift; sourceTree = "<group>"; };
		3BA7D9422363DAA0009FA251 /* Base */ = {isa = PBXFileReference; lastKnownFileType = file.storyboard; name = Base; path = Base.lproj/Main.storyboard; sourceTree = "<group>"; };
		3BA7D9442363DAA1009FA251 /* Assets.xcassets */ = {isa = PBXFileReference; lastKnownFileType = folder.assetcatalog; path = Assets.xcassets; sourceTree = "<group>"; };
		3BA7D9472363DAA1009FA251 /* Base */ = {isa = PBXFileReference; lastKnownFileType = file.storyboard; name = Base; path = Base.lproj/LaunchScreen.storyboard; sourceTree = "<group>"; };
		3BA7D9492363DAA1009FA251 /* Info.plist */ = {isa = PBXFileReference; lastKnownFileType = text.plist.xml; path = Info.plist; sourceTree = "<group>"; };
		3BE3230C2363FA9B0080719F /* MusicPalyer.swift */ = {isa = PBXFileReference; fileEncoding = 4; lastKnownFileType = sourcecode.swift; path = MusicPalyer.swift; sourceTree = "<group>"; };
		3BE3230E2363FBD40080719F /* SearchSongViewController.swift */ = {isa = PBXFileReference; lastKnownFileType = sourcecode.swift; path = SearchSongViewController.swift; sourceTree = "<group>"; };
		3BE323102363FE5E0080719F /* SongModel.swift */ = {isa = PBXFileReference; lastKnownFileType = sourcecode.swift; path = SongModel.swift; sourceTree = "<group>"; };
		3BE32314236400840080719F /* BaseWebService.swift */ = {isa = PBXFileReference; fileEncoding = 4; lastKnownFileType = sourcecode.swift; name = BaseWebService.swift; path = ../../../Downloads/ProyectoTeamManitas/ProyectoTeamManitas/BaseWebService.swift; sourceTree = "<group>"; };
		3BE32316236401810080719F /* GetSongService.swift */ = {isa = PBXFileReference; lastKnownFileType = sourcecode.swift; path = GetSongService.swift; sourceTree = "<group>"; };
		3BE32318236402060080719F /* Endpoitns.swift */ = {isa = PBXFileReference; lastKnownFileType = sourcecode.swift; path = Endpoitns.swift; sourceTree = "<group>"; };
		3BE3231A23640E950080719F /* UIImageExtension.swift */ = {isa = PBXFileReference; lastKnownFileType = sourcecode.swift; path = UIImageExtension.swift; sourceTree = "<group>"; };
		3BE3231C236410D40080719F /* UIViewExtension.swift */ = {isa = PBXFileReference; lastKnownFileType = sourcecode.swift; path = UIViewExtension.swift; sourceTree = "<group>"; };
		D4E726DD2363EDA700718F83 /* Geolocation.swift */ = {isa = PBXFileReference; lastKnownFileType = sourcecode.swift; path = Geolocation.swift; sourceTree = "<group>"; };
/* End PBXFileReference section */

/* Begin PBXFrameworksBuildPhase section */
		3BA7D9352363DAA0009FA251 /* Frameworks */ = {
			isa = PBXFrameworksBuildPhase;
			buildActionMask = 2147483647;
			files = (
			);
			runOnlyForDeploymentPostprocessing = 0;
		};
/* End PBXFrameworksBuildPhase section */

/* Begin PBXGroup section */
		3BA7D92F2363DAA0009FA251 = {
			isa = PBXGroup;
			children = (
				3BA7D93A2363DAA0009FA251 /* MusicPlaces */,
				3BA7D9392363DAA0009FA251 /* Products */,
			);
			sourceTree = "<group>";
		};
		3BA7D9392363DAA0009FA251 /* Products */ = {
			isa = PBXGroup;
			children = (
				3BA7D9382363DAA0009FA251 /* MusicPlaces.app */,
			);
			name = Products;
			sourceTree = "<group>";
		};
		3BA7D93A2363DAA0009FA251 /* MusicPlaces */ = {
			isa = PBXGroup;
			children = (
				3BA7D93B2363DAA0009FA251 /* AppDelegate.swift */,
				3BA7D93D2363DAA0009FA251 /* SceneDelegate.swift */,
				3BE32314236400840080719F /* BaseWebService.swift */,
				3BA7D93F2363DAA0009FA251 /* ViewController.swift */,
				3BE3230C2363FA9B0080719F /* MusicPalyer.swift */,
				3BA7D9412363DAA0009FA251 /* Main.storyboard */,
				3BA7D9442363DAA1009FA251 /* Assets.xcassets */,
				3BA7D9462363DAA1009FA251 /* LaunchScreen.storyboard */,
				3BA7D9492363DAA1009FA251 /* Info.plist */,
				D4E726DD2363EDA700718F83 /* Geolocation.swift */,
				3BE3230E2363FBD40080719F /* SearchSongViewController.swift */,
				3BE323102363FE5E0080719F /* SongModel.swift */,
				3BE32316236401810080719F /* GetSongService.swift */,
				3BE32318236402060080719F /* Endpoitns.swift */,
				3BE3231A23640E950080719F /* UIImageExtension.swift */,
				3BE3231C236410D40080719F /* UIViewExtension.swift */,
			);
			path = MusicPlaces;
			sourceTree = "<group>";
		};
/* End PBXGroup section */

/* Begin PBXNativeTarget section */
		3BA7D9372363DAA0009FA251 /* MusicPlaces */ = {
			isa = PBXNativeTarget;
			buildConfigurationList = 3BA7D94C2363DAA1009FA251 /* Build configuration list for PBXNativeTarget "MusicPlaces" */;
			buildPhases = (
				3BA7D9342363DAA0009FA251 /* Sources */,
				3BA7D9352363DAA0009FA251 /* Frameworks */,
				3BA7D9362363DAA0009FA251 /* Resources */,
			);
			buildRules = (
			);
			dependencies = (
			);
			name = MusicPlaces;
			productName = MusicPlaces;
			productReference = 3BA7D9382363DAA0009FA251 /* MusicPlaces.app */;
			productType = "com.apple.product-type.application";
		};
/* End PBXNativeTarget section */

/* Begin PBXProject section */
		3BA7D9302363DAA0009FA251 /* Project object */ = {
			isa = PBXProject;
			attributes = {
				LastSwiftUpdateCheck = 1110;
				LastUpgradeCheck = 1110;
				ORGANIZATIONNAME = Manzip;
				TargetAttributes = {
					3BA7D9372363DAA0009FA251 = {
						CreatedOnToolsVersion = 11.1;
					};
				};
			};
			buildConfigurationList = 3BA7D9332363DAA0009FA251 /* Build configuration list for PBXProject "MusicPlaces" */;
			compatibilityVersion = "Xcode 9.3";
			developmentRegion = en;
			hasScannedForEncodings = 0;
			knownRegions = (
				en,
				Base,
			);
			mainGroup = 3BA7D92F2363DAA0009FA251;
			productRefGroup = 3BA7D9392363DAA0009FA251 /* Products */;
			projectDirPath = "";
			projectRoot = "";
			targets = (
				3BA7D9372363DAA0009FA251 /* MusicPlaces */,
			);
		};
/* End PBXProject section */

/* Begin PBXResourcesBuildPhase section */
		3BA7D9362363DAA0009FA251 /* Resources */ = {
			isa = PBXResourcesBuildPhase;
			buildActionMask = 2147483647;
			files = (
				3BA7D9482363DAA1009FA251 /* LaunchScreen.storyboard in Resources */,
				3BA7D9452363DAA1009FA251 /* Assets.xcassets in Resources */,
				3BA7D9432363DAA0009FA251 /* Main.storyboard in Resources */,
			);
			runOnlyForDeploymentPostprocessing = 0;
		};
/* End PBXResourcesBuildPhase section */

/* Begin PBXSourcesBuildPhase section */
		3BA7D9342363DAA0009FA251 /* Sources */ = {
			isa = PBXSourcesBuildPhase;
			buildActionMask = 2147483647;
			files = (
				3BE3230D2363FA9B0080719F /* MusicPalyer.swift in Sources */,
				3BE3230F2363FBD40080719F /* SearchSongViewController.swift in Sources */,
				D4E726DE2363EDA700718F83 /* Geolocation.swift in Sources */,
				3BE323112363FE5E0080719F /* SongModel.swift in Sources */,
				3BE3231B23640E950080719F /* UIImageExtension.swift in Sources */,
				3BA7D9402363DAA0009FA251 /* ViewController.swift in Sources */,
				3BE3231D236410D40080719F /* UIViewExtension.swift in Sources */,
				3BE32317236401810080719F /* GetSongService.swift in Sources */,
				3BE32315236400840080719F /* BaseWebService.swift in Sources */,
				3BA7D93C2363DAA0009FA251 /* AppDelegate.swift in Sources */,
				3BE32319236402060080719F /* Endpoitns.swift in Sources */,
				3BA7D93E2363DAA0009FA251 /* SceneDelegate.swift in Sources */,
			);
			runOnlyForDeploymentPostprocessing = 0;
		};
/* End PBXSourcesBuildPhase section */

/* Begin PBXVariantGroup section */
		3BA7D9412363DAA0009FA251 /* Main.storyboard */ = {
			isa = PBXVariantGroup;
			children = (
				3BA7D9422363DAA0009FA251 /* Base */,
			);
			name = Main.storyboard;
			sourceTree = "<group>";
		};
		3BA7D9462363DAA1009FA251 /* LaunchScreen.storyboard */ = {
			isa = PBXVariantGroup;
			children = (
				3BA7D9472363DAA1009FA251 /* Base */,
			);
			name = LaunchScreen.storyboard;
			sourceTree = "<group>";
		};
/* End PBXVariantGroup section */

/* Begin XCBuildConfiguration section */
		3BA7D94A2363DAA1009FA251 /* Debug */ = {
			isa = XCBuildConfiguration;
			buildSettings = {
				ALWAYS_SEARCH_USER_PATHS = NO;
				CLANG_ANALYZER_NONNULL = YES;
				CLANG_ANALYZER_NUMBER_OBJECT_CONVERSION = YES_AGGRESSIVE;
				CLANG_CXX_LANGUAGE_STANDARD = "gnu++14";
				CLANG_CXX_LIBRARY = "libc++";
				CLANG_ENABLE_MODULES = YES;
				CLANG_ENABLE_OBJC_ARC = YES;
				CLANG_ENABLE_OBJC_WEAK = YES;
				CLANG_WARN_BLOCK_CAPTURE_AUTORELEASING = YES;
				CLANG_WARN_BOOL_CONVERSION = YES;
				CLANG_WARN_COMMA = YES;
				CLANG_WARN_CONSTANT_CONVERSION = YES;
				CLANG_WARN_DEPRECATED_OBJC_IMPLEMENTATIONS = YES;
				CLANG_WARN_DIRECT_OBJC_ISA_USAGE = YES_ERROR;
				CLANG_WARN_DOCUMENTATION_COMMENTS = YES;
				CLANG_WARN_EMPTY_BODY = YES;
				CLANG_WARN_ENUM_CONVERSION = YES;
				CLANG_WARN_INFINITE_RECURSION = YES;
				CLANG_WARN_INT_CONVERSION = YES;
				CLANG_WARN_NON_LITERAL_NULL_CONVERSION = YES;
				CLANG_WARN_OBJC_IMPLICIT_RETAIN_SELF = YES;
				CLANG_WARN_OBJC_LITERAL_CONVERSION = YES;
				CLANG_WARN_OBJC_ROOT_CLASS = YES_ERROR;
				CLANG_WARN_RANGE_LOOP_ANALYSIS = YES;
				CLANG_WARN_STRICT_PROTOTYPES = YES;
				CLANG_WARN_SUSPICIOUS_MOVE = YES;
				CLANG_WARN_UNGUARDED_AVAILABILITY = YES_AGGRESSIVE;
				CLANG_WARN_UNREACHABLE_CODE = YES;
				CLANG_WARN__DUPLICATE_METHOD_MATCH = YES;
				COPY_PHASE_STRIP = NO;
				DEBUG_INFORMATION_FORMAT = dwarf;
				ENABLE_STRICT_OBJC_MSGSEND = YES;
				ENABLE_TESTABILITY = YES;
				GCC_C_LANGUAGE_STANDARD = gnu11;
				GCC_DYNAMIC_NO_PIC = NO;
				GCC_NO_COMMON_BLOCKS = YES;
				GCC_OPTIMIZATION_LEVEL = 0;
				GCC_PREPROCESSOR_DEFINITIONS = (
					"DEBUG=1",
					"$(inherited)",
				);
				GCC_WARN_64_TO_32_BIT_CONVERSION = YES;
				GCC_WARN_ABOUT_RETURN_TYPE = YES_ERROR;
				GCC_WARN_UNDECLARED_SELECTOR = YES;
				GCC_WARN_UNINITIALIZED_AUTOS = YES_AGGRESSIVE;
				GCC_WARN_UNUSED_FUNCTION = YES;
				GCC_WARN_UNUSED_VARIABLE = YES;
				IPHONEOS_DEPLOYMENT_TARGET = 13.1;
				MTL_ENABLE_DEBUG_INFO = INCLUDE_SOURCE;
				MTL_FAST_MATH = YES;
				ONLY_ACTIVE_ARCH = YES;
				SDKROOT = iphoneos;
				SWIFT_ACTIVE_COMPILATION_CONDITIONS = DEBUG;
				SWIFT_OPTIMIZATION_LEVEL = "-Onone";
			};
			name = Debug;
		};
		3BA7D94B2363DAA1009FA251 /* Release */ = {
			isa = XCBuildConfiguration;
			buildSettings = {
				ALWAYS_SEARCH_USER_PATHS = NO;
				CLANG_ANALYZER_NONNULL = YES;
				CLANG_ANALYZER_NUMBER_OBJECT_CONVERSION = YES_AGGRESSIVE;
				CLANG_CXX_LANGUAGE_STANDARD = "gnu++14";
				CLANG_CXX_LIBRARY = "libc++";
				CLANG_ENABLE_MODULES = YES;
				CLANG_ENABLE_OBJC_ARC = YES;
				CLANG_ENABLE_OBJC_WEAK = YES;
				CLANG_WARN_BLOCK_CAPTURE_AUTORELEASING = YES;
				CLANG_WARN_BOOL_CONVERSION = YES;
				CLANG_WARN_COMMA = YES;
				CLANG_WARN_CONSTANT_CONVERSION = YES;
				CLANG_WARN_DEPRECATED_OBJC_IMPLEMENTATIONS = YES;
				CLANG_WARN_DIRECT_OBJC_ISA_USAGE = YES_ERROR;
				CLANG_WARN_DOCUMENTATION_COMMENTS = YES;
				CLANG_WARN_EMPTY_BODY = YES;
				CLANG_WARN_ENUM_CONVERSION = YES;
				CLANG_WARN_INFINITE_RECURSION = YES;
				CLANG_WARN_INT_CONVERSION = YES;
				CLANG_WARN_NON_LITERAL_NULL_CONVERSION = YES;
				CLANG_WARN_OBJC_IMPLICIT_RETAIN_SELF = YES;
				CLANG_WARN_OBJC_LITERAL_CONVERSION = YES;
				CLANG_WARN_OBJC_ROOT_CLASS = YES_ERROR;
				CLANG_WARN_RANGE_LOOP_ANALYSIS = YES;
				CLANG_WARN_STRICT_PROTOTYPES = YES;
				CLANG_WARN_SUSPICIOUS_MOVE = YES;
				CLANG_WARN_UNGUARDED_AVAILABILITY = YES_AGGRESSIVE;
				CLANG_WARN_UNREACHABLE_CODE = YES;
				CLANG_WARN__DUPLICATE_METHOD_MATCH = YES;
				COPY_PHASE_STRIP = NO;
				DEBUG_INFORMATION_FORMAT = "dwarf-with-dsym";
				ENABLE_NS_ASSERTIONS = NO;
				ENABLE_STRICT_OBJC_MSGSEND = YES;
				GCC_C_LANGUAGE_STANDARD = gnu11;
				GCC_NO_COMMON_BLOCKS = YES;
				GCC_WARN_64_TO_32_BIT_CONVERSION = YES;
				GCC_WARN_ABOUT_RETURN_TYPE = YES_ERROR;
				GCC_WARN_UNDECLARED_SELECTOR = YES;
				GCC_WARN_UNINITIALIZED_AUTOS = YES_AGGRESSIVE;
				GCC_WARN_UNUSED_FUNCTION = YES;
				GCC_WARN_UNUSED_VARIABLE = YES;
				IPHONEOS_DEPLOYMENT_TARGET = 13.1;
				MTL_ENABLE_DEBUG_INFO = NO;
				MTL_FAST_MATH = YES;
				SDKROOT = iphoneos;
				SWIFT_COMPILATION_MODE = wholemodule;
				SWIFT_OPTIMIZATION_LEVEL = "-O";
				VALIDATE_PRODUCT = YES;
			};
			name = Release;
		};
		3BA7D94D2363DAA1009FA251 /* Debug */ = {
			isa = XCBuildConfiguration;
			buildSettings = {
				ASSETCATALOG_COMPILER_APPICON_NAME = AppIcon;
				CODE_SIGN_STYLE = Automatic;
				INFOPLIST_FILE = MusicPlaces/Info.plist;
				LD_RUNPATH_SEARCH_PATHS = (
					"$(inherited)",
					"@executable_path/Frameworks",
				);
				PRODUCT_BUNDLE_IDENTIFIER = Manzip.MusicPlaces;
				PRODUCT_NAME = "$(TARGET_NAME)";
				SWIFT_VERSION = 5.0;
				TARGETED_DEVICE_FAMILY = "1,2";
			};
			name = Debug;
		};
		3BA7D94E2363DAA1009FA251 /* Release */ = {
			isa = XCBuildConfiguration;
			buildSettings = {
				ASSETCATALOG_COMPILER_APPICON_NAME = AppIcon;
				CODE_SIGN_STYLE = Automatic;
				INFOPLIST_FILE = MusicPlaces/Info.plist;
				LD_RUNPATH_SEARCH_PATHS = (
					"$(inherited)",
					"@executable_path/Frameworks",
				);
				PRODUCT_BUNDLE_IDENTIFIER = Manzip.MusicPlaces;
				PRODUCT_NAME = "$(TARGET_NAME)";
				SWIFT_VERSION = 5.0;
				TARGETED_DEVICE_FAMILY = "1,2";
			};
			name = Release;
		};
/* End XCBuildConfiguration section */

/* Begin XCConfigurationList section */
		3BA7D9332363DAA0009FA251 /* Build configuration list for PBXProject "MusicPlaces" */ = {
			isa = XCConfigurationList;
			buildConfigurations = (
				3BA7D94A2363DAA1009FA251 /* Debug */,
				3BA7D94B2363DAA1009FA251 /* Release */,
			);
			defaultConfigurationIsVisible = 0;
			defaultConfigurationName = Release;
		};
		3BA7D94C2363DAA1009FA251 /* Build configuration list for PBXNativeTarget "MusicPlaces" */ = {
			isa = XCConfigurationList;
			buildConfigurations = (
				3BA7D94D2363DAA1009FA251 /* Debug */,
				3BA7D94E2363DAA1009FA251 /* Release */,
			);
			defaultConfigurationIsVisible = 0;
			defaultConfigurationName = Release;
		};
/* End XCConfigurationList section */
	};
	rootObject = 3BA7D9302363DAA0009FA251 /* Project object */;
}
